PODS:
  - Digits (2.4.0):
    - TwitterCore (= 2.4.0)
  - Fabric (1.6.8)
  - TwitterCore (2.4.0):
    - Fabric

DEPENDENCIES:
  - Digits
  - Fabric

SPEC CHECKSUMS:
  Digits: 8173fa5420d64bf490bade840e6bc36b74537d6c
  Fabric: 5755268d0171435ab167e3d0878a28a777deaf10
  TwitterCore: a139904c80805ad3dde9eef1100704f96f646d1d

PODFILE CHECKSUM: 5aae9ea889cfe94faf62314f4a03bdfe76137f63

COCOAPODS: 1.0.1
